
Microsoft Visual Studio Solution File, Format Version 12.00
# Visual Studio Version 17
VisualStudioVersion = 17.7.34202.233
MinimumVisualStudioVersion = 10.0.40219.1
Project("{FAE04EC0-301F-11D3-BF4B-00C04F79EFBC}") = "SIIB_WS", "SIIB_WS\SIIB_WS.csproj", "{DF6DBE25-0C9B-45E5-8A11-99D4BB2BD66C}"
EndProject
Global
	GlobalSection(SolutionConfigurationPlatforms) = preSolution
		Debug|Any CPU = Debug|Any CPU
		Release|Any CPU = Release|Any CPU
	EndGlobalSection
	GlobalSection(ProjectConfigurationPlatforms) = postSolution
		{DF6DBE25-0C9B-45E5-8A11-99D4BB2BD66C}.Debug|Any CPU.ActiveCfg = Debug|Any CPU
		{DF6DBE25-0C9B-45E5-8A11-99D4BB2BD66C}.Debug|Any CPU.Build.0 = Debug|Any CPU
		{DF6DBE25-0C9B-45E5-8A11-99D4BB2BD66C}.Release|Any CPU.ActiveCfg = Release|Any CPU
		{DF6DBE25-0C9B-45E5-8A11-99D4BB2BD66C}.Release|Any CPU.Build.0 = Release|Any CPU
	EndGlobalSection
	GlobalSection(SolutionProperties) = preSolution
		HideSolutionNode = FALSE
	EndGlobalSection
	GlobalSection(ExtensibilityGlobals) = postSolution
		SolutionGuid = {8B6F4C85-31B3-4194-A605-EFDB4E147133}
	EndGlobalSection
EndGlobal
